# THIS IS AN AUTOGENERATED FILE. DO NOT EDIT THIS FILE DIRECTLY.
# yarn lockfile v1


pdf-text-extract@^1.4.1:
  version "1.4.1"
  resolved "https://registry.yarnpkg.com/pdf-text-extract/-/pdf-text-extract-1.4.1.tgz#057dd57068a04a927bbc43aad89d2a737cdf42ab"
  dependencies:
    yargs "^1.2.5"

yargs@^1.2.5:
  version "1.3.3"
  resolved "https://registry.yarnpkg.com/yargs/-/yargs-1.3.3.tgz#054de8b61f22eefdb7207059eaef9d6b83fb931a"
